
Microsoft Visual Studio Solution File, Format Version 12.00
Project("{FAE04EC0-301F-11D3-BF4B-00C04F79EFBC}") = "Q1", "Q1\Q1.csproj", "{360EE558-CE66-4D38-A770-F48176D09059}"
EndProject
Project("{FAE04EC0-301F-11D3-BF4B-00C04F79EFBC}") = "Q2", "Q2\Q2.csproj", "{F2A94377-06E1-4D8D-9D00-E5A665B104D9}"
EndProject
Project("{FAE04EC0-301F-11D3-BF4B-00C04F79EFBC}") = "Q3", "Q3\Q3.csproj", "{EFF8771E-B379-4BA7-A598-2DE663583ADC}"
EndProject
Project("{FAE04EC0-301F-11D3-BF4B-00C04F79EFBC}") = "Q4", "Q4\Q4.csproj", "{8C7FAC82-50EF-4370-9EB6-CB50974FEA17}"
EndProject
Project("{FAE04EC0-301F-11D3-BF4B-00C04F79EFBC}") = "Q5", "Q5\Q5.csproj", "{E1542AB8-A7E7-42A0-BE10-E7973C9F4CE5}"
EndProject
Project("{FAE04EC0-301F-11D3-BF4B-00C04F79EFBC}") = "Q6", "Q6\Q6.csproj", "{91D16570-0CC4-4D8B-A436-89CF3E62F811}"
EndProject
Project("{FAE04EC0-301F-11D3-BF4B-00C04F79EFBC}") = "Q7", "Q7\Q7.csproj", "{BC29F743-668F-43D0-8D80-C075833B974A}"
EndProject
Project("{FAE04EC0-301F-11D3-BF4B-00C04F79EFBC}") = "Q8", "Q8\Q8.csproj", "{4A50BE16-3A42-46DC-A867-2E7A16C41D97}"
EndProject
Global
	GlobalSection(SolutionConfigurationPlatforms) = preSolution
		Debug|Any CPU = Debug|Any CPU
		Release|Any CPU = Release|Any CPU
	EndGlobalSection
	GlobalSection(ProjectConfigurationPlatforms) = postSolution
		{360EE558-CE66-4D38-A770-F48176D09059}.Debug|Any CPU.ActiveCfg = Debug|Any CPU
		{360EE558-CE66-4D38-A770-F48176D09059}.Debug|Any CPU.Build.0 = Debug|Any CPU
		{360EE558-CE66-4D38-A770-F48176D09059}.Release|Any CPU.ActiveCfg = Release|Any CPU
		{360EE558-CE66-4D38-A770-F48176D09059}.Release|Any CPU.Build.0 = Release|Any CPU
		{F2A94377-06E1-4D8D-9D00-E5A665B104D9}.Debug|Any CPU.ActiveCfg = Debug|Any CPU
		{F2A94377-06E1-4D8D-9D00-E5A665B104D9}.Debug|Any CPU.Build.0 = Debug|Any CPU
		{F2A94377-06E1-4D8D-9D00-E5A665B104D9}.Release|Any CPU.ActiveCfg = Release|Any CPU
		{F2A94377-06E1-4D8D-9D00-E5A665B104D9}.Release|Any CPU.Build.0 = Release|Any CPU
		{EFF8771E-B379-4BA7-A598-2DE663583ADC}.Debug|Any CPU.ActiveCfg = Debug|Any CPU
		{EFF8771E-B379-4BA7-A598-2DE663583ADC}.Debug|Any CPU.Build.0 = Debug|Any CPU
		{EFF8771E-B379-4BA7-A598-2DE663583ADC}.Release|Any CPU.ActiveCfg = Release|Any CPU
		{EFF8771E-B379-4BA7-A598-2DE663583ADC}.Release|Any CPU.Build.0 = Release|Any CPU
		{8C7FAC82-50EF-4370-9EB6-CB50974FEA17}.Debug|Any CPU.ActiveCfg = Debug|Any CPU
		{8C7FAC82-50EF-4370-9EB6-CB50974FEA17}.Debug|Any CPU.Build.0 = Debug|Any CPU
		{8C7FAC82-50EF-4370-9EB6-CB50974FEA17}.Release|Any CPU.ActiveCfg = Release|Any CPU
		{8C7FAC82-50EF-4370-9EB6-CB50974FEA17}.Release|Any CPU.Build.0 = Release|Any CPU
		{E1542AB8-A7E7-42A0-BE10-E7973C9F4CE5}.Debug|Any CPU.ActiveCfg = Debug|Any CPU
		{E1542AB8-A7E7-42A0-BE10-E7973C9F4CE5}.Debug|Any CPU.Build.0 = Debug|Any CPU
		{E1542AB8-A7E7-42A0-BE10-E7973C9F4CE5}.Release|Any CPU.ActiveCfg = Release|Any CPU
		{E1542AB8-A7E7-42A0-BE10-E7973C9F4CE5}.Release|Any CPU.Build.0 = Release|Any CPU
		{91D16570-0CC4-4D8B-A436-89CF3E62F811}.Debug|Any CPU.ActiveCfg = Debug|Any CPU
		{91D16570-0CC4-4D8B-A436-89CF3E62F811}.Debug|Any CPU.Build.0 = Debug|Any CPU
		{91D16570-0CC4-4D8B-A436-89CF3E62F811}.Release|Any CPU.ActiveCfg = Release|Any CPU
		{91D16570-0CC4-4D8B-A436-89CF3E62F811}.Release|Any CPU.Build.0 = Release|Any CPU
		{BC29F743-668F-43D0-8D80-C075833B974A}.Debug|Any CPU.ActiveCfg = Debug|Any CPU
		{BC29F743-668F-43D0-8D80-C075833B974A}.Debug|Any CPU.Build.0 = Debug|Any CPU
		{BC29F743-668F-43D0-8D80-C075833B974A}.Release|Any CPU.ActiveCfg = Release|Any CPU
		{BC29F743-668F-43D0-8D80-C075833B974A}.Release|Any CPU.Build.0 = Release|Any CPU
		{4A50BE16-3A42-46DC-A867-2E7A16C41D97}.Debug|Any CPU.ActiveCfg = Debug|Any CPU
		{4A50BE16-3A42-46DC-A867-2E7A16C41D97}.Debug|Any CPU.Build.0 = Debug|Any CPU
		{4A50BE16-3A42-46DC-A867-2E7A16C41D97}.Release|Any CPU.ActiveCfg = Release|Any CPU
		{4A50BE16-3A42-46DC-A867-2E7A16C41D97}.Release|Any CPU.Build.0 = Release|Any CPU
	EndGlobalSection
EndGlobal
